// !$*UTF8*$!
{
   archiveVersion = "1";
   objectVersion = "46";
   objects = {
      "OBJ_1" = {
         isa = "PBXProject";
         attributes = {
            LastSwiftMigration = "9999";
            LastUpgradeCheck = "9999";
         };
         buildConfigurationList = "OBJ_2";
         compatibilityVersion = "Xcode 3.2";
         developmentRegion = "en";
         hasScannedForEncodings = "0";
         knownRegions = (
            "en"
         );
         mainGroup = "OBJ_5";
         productRefGroup = "OBJ_33";
         projectDirPath = ".";
         targets = (
            "iForm::iForm",
            "iForm::SwiftPMPackageDescription",
            "iForm::iFormPackageTests::ProductTarget",
            "iForm::iFormTests"
         );
      };
      "OBJ_10" = {
         isa = "PBXGroup";
         children = (
            "OBJ_11",
            "OBJ_13",
            "OBJ_14",
            "OBJ_15",
            "OBJ_18",
            "OBJ_20",
            "OBJ_22"
         );
         name = "Classes";
         path = "Classes";
         sourceTree = "<group>";
      };
      "OBJ_11" = {
         isa = "PBXGroup";
         children = (
            "OBJ_12"
         );
         name = "Button";
         path = "Button";
         sourceTree = "<group>";
      };
      "OBJ_12" = {
         isa = "PBXFileReference";
         path = "iFormButtonItem.swift";
         sourceTree = "<group>";
      };
      "OBJ_13" = {
         isa = "PBXFileReference";
         path = "Constraints.swift";
         sourceTree = "<group>";
      };
      "OBJ_14" = {
         isa = "PBXFileReference";
         path = "Dimensions.swift";
         sourceTree = "<group>";
      };
      "OBJ_15" = {
         isa = "PBXGroup";
         children = (
            "OBJ_16",
            "OBJ_17"
         );
         name = "InputStyle";
         path = "InputStyle";
         sourceTree = "<group>";
      };
      "OBJ_16" = {
         isa = "PBXFileReference";
         path = "UIButtonStyle.swift";
         sourceTree = "<group>";
      };
      "OBJ_17" = {
         isa = "PBXFileReference";
         path = "UITextfieldStyle.swift";
         sourceTree = "<group>";
      };
      "OBJ_18" = {
         isa = "PBXGroup";
         children = (
            "OBJ_19"
         );
         name = "SignInForm";
         path = "SignInForm";
         sourceTree = "<group>";
      };
      "OBJ_19" = {
         isa = "PBXFileReference";
         path = "SignInForm.swift";
         sourceTree = "<group>";
      };
      "OBJ_2" = {
         isa = "XCConfigurationList";
         buildConfigurations = (
            "OBJ_3",
            "OBJ_4"
         );
         defaultConfigurationIsVisible = "0";
         defaultConfigurationName = "Release";
      };
      "OBJ_20" = {
         isa = "PBXGroup";
         children = (
            "OBJ_21"
         );
         name = "TextField";
         path = "TextField";
         sourceTree = "<group>";
      };
      "OBJ_21" = {
         isa = "PBXFileReference";
         path = "iFormTextFieldItem.swift";
         sourceTree = "<group>";
      };
      "OBJ_22" = {
         isa = "PBXFileReference";
         path = "iForm.swift";
         sourceTree = "<group>";
      };
      "OBJ_23" = {
         isa = "PBXGroup";
         children = (
            "OBJ_24"
         );
         name = "Enums";
         path = "Enums";
         sourceTree = "<group>";
      };
      "OBJ_24" = {
         isa = "PBXGroup";
         children = (
            "OBJ_25",
            "OBJ_26"
         );
         name = "TextField";
         path = "TextField";
         sourceTree = "<group>";
      };
      "OBJ_25" = {
         isa = "PBXFileReference";
         path = "iFormTextFieldContentType.swift";
         sourceTree = "<group>";
      };
      "OBJ_26" = {
         isa = "PBXFileReference";
         path = "iFormTextFieldKeyboardType.swift";
         sourceTree = "<group>";
      };
      "OBJ_27" = {
         isa = "PBXGroup";
         children = (
            "OBJ_28",
            "OBJ_29"
         );
         name = "Interfaces";
         path = "Interfaces";
         sourceTree = "<group>";
      };
      "OBJ_28" = {
         isa = "PBXFileReference";
         path = "Style.swift";
         sourceTree = "<group>";
      };
      "OBJ_29" = {
         isa = "PBXFileReference";
         path = "iFormDelegate.swift";
         sourceTree = "<group>";
      };
      "OBJ_3" = {
         isa = "XCBuildConfiguration";
         buildSettings = {
            CLANG_ENABLE_OBJC_ARC = "YES";
            COMBINE_HIDPI_IMAGES = "YES";
            COPY_PHASE_STRIP = "NO";
            DEBUG_INFORMATION_FORMAT = "dwarf";
            DYLIB_INSTALL_NAME_BASE = "@rpath";
            ENABLE_NS_ASSERTIONS = "YES";
            GCC_OPTIMIZATION_LEVEL = "0";
            GCC_PREPROCESSOR_DEFINITIONS = (
               "$(inherited)",
               "SWIFT_PACKAGE=1",
               "DEBUG=1"
            );
            MACOSX_DEPLOYMENT_TARGET = "10.10";
            ONLY_ACTIVE_ARCH = "YES";
            OTHER_SWIFT_FLAGS = (
               "$(inherited)",
               "-DXcode"
            );
            PRODUCT_NAME = "$(TARGET_NAME)";
            SDKROOT = "macosx";
            SUPPORTED_PLATFORMS = (
               "$(AVAILABLE_PLATFORMS)"
            );
            SUPPORTS_MACCATALYST = "YES";
            SWIFT_ACTIVE_COMPILATION_CONDITIONS = (
               "$(inherited)",
               "SWIFT_PACKAGE",
               "DEBUG"
            );
            SWIFT_OPTIMIZATION_LEVEL = "-Onone";
            USE_HEADERMAP = "NO";
         };
         name = "Debug";
      };
      "OBJ_30" = {
         isa = "PBXGroup";
         children = (
            "OBJ_31"
         );
         name = "Tests";
         path = "";
         sourceTree = "SOURCE_ROOT";
      };
      "OBJ_31" = {
         isa = "PBXGroup";
         children = (
            "OBJ_32"
         );
         name = "iFormTests";
         path = "Tests/iFormTests";
         sourceTree = "SOURCE_ROOT";
      };
      "OBJ_32" = {
         isa = "PBXFileReference";
         path = "iFormTests.swift";
         sourceTree = "<group>";
      };
      "OBJ_33" = {
         isa = "PBXGroup";
         children = (
            "iForm::iForm::Product",
            "iForm::iFormTests::Product"
         );
         name = "Products";
         path = "";
         sourceTree = "BUILT_PRODUCTS_DIR";
      };
      "OBJ_36" = {
         isa = "PBXFileReference";
         path = "DerivedData";
         sourceTree = "SOURCE_ROOT";
      };
      "OBJ_37" = {
         isa = "PBXFileReference";
         path = "iFormLib";
         sourceTree = "SOURCE_ROOT";
      };
      "OBJ_38" = {
         isa = "PBXFileReference";
         path = "LICENSE";
         sourceTree = "<group>";
      };
      "OBJ_39" = {
         isa = "PBXFileReference";
         path = "README.md";
         sourceTree = "<group>";
      };
      "OBJ_4" = {
         isa = "XCBuildConfiguration";
         buildSettings = {
            CLANG_ENABLE_OBJC_ARC = "YES";
            COMBINE_HIDPI_IMAGES = "YES";
            COPY_PHASE_STRIP = "YES";
            DEBUG_INFORMATION_FORMAT = "dwarf-with-dsym";
            DYLIB_INSTALL_NAME_BASE = "@rpath";
            GCC_OPTIMIZATION_LEVEL = "s";
            GCC_PREPROCESSOR_DEFINITIONS = (
               "$(inherited)",
               "SWIFT_PACKAGE=1"
            );
            MACOSX_DEPLOYMENT_TARGET = "10.10";
            OTHER_SWIFT_FLAGS = (
               "$(inherited)",
               "-DXcode"
            );
            PRODUCT_NAME = "$(TARGET_NAME)";
            SDKROOT = "macosx";
            SUPPORTED_PLATFORMS = (
               "$(AVAILABLE_PLATFORMS)"
            );
            SUPPORTS_MACCATALYST = "YES";
            SWIFT_ACTIVE_COMPILATION_CONDITIONS = (
               "$(inherited)",
               "SWIFT_PACKAGE"
            );
            SWIFT_OPTIMIZATION_LEVEL = "-Owholemodule";
            USE_HEADERMAP = "NO";
         };
         name = "Release";
      };
      "OBJ_40" = {
         isa = "PBXFileReference";
         path = "iForm.podspec";
         sourceTree = "<group>";
      };
      "OBJ_41" = {
         isa = "PBXFileReference";
         path = "Podfile";
         sourceTree = "<group>";
      };
      "OBJ_43" = {
         isa = "XCConfigurationList";
         buildConfigurations = (
            "OBJ_44",
            "OBJ_45"
         );
         defaultConfigurationIsVisible = "0";
         defaultConfigurationName = "Release";
      };
      "OBJ_44" = {
         isa = "XCBuildConfiguration";
         buildSettings = {
            CURRENT_PROJECT_VERSION = "1";
            DRIVERKIT_DEPLOYMENT_TARGET = "19.0";
            ENABLE_TESTABILITY = "YES";
            FRAMEWORK_SEARCH_PATHS = (
               "$(inherited)",
               "$(PLATFORM_DIR)/Developer/Library/Frameworks"
            );
            HEADER_SEARCH_PATHS = (
               "$(inherited)"
            );
            INFOPLIST_FILE = "iForm.xcodeproj/iForm_Info.plist";
            IPHONEOS_DEPLOYMENT_TARGET = "14.0";
            LD_RUNPATH_SEARCH_PATHS = (
               "$(inherited)",
               "$(TOOLCHAIN_DIR)/usr/lib/swift/macosx"
            );
            MACOSX_DEPLOYMENT_TARGET = "10.10";
            OTHER_CFLAGS = (
               "$(inherited)"
            );
            OTHER_LDFLAGS = (
               "$(inherited)"
            );
            OTHER_SWIFT_FLAGS = (
               "$(inherited)"
            );
            PRODUCT_BUNDLE_IDENTIFIER = "iForm";
            PRODUCT_MODULE_NAME = "$(TARGET_NAME:c99extidentifier)";
            PRODUCT_NAME = "$(TARGET_NAME:c99extidentifier)";
            SKIP_INSTALL = "YES";
            SWIFT_ACTIVE_COMPILATION_CONDITIONS = (
               "$(inherited)"
            );
            SWIFT_VERSION = "5.0";
            TARGET_NAME = "iForm";
            TVOS_DEPLOYMENT_TARGET = "9.0";
            WATCHOS_DEPLOYMENT_TARGET = "2.0";
         };
         name = "Debug";
      };
      "OBJ_45" = {
         isa = "XCBuildConfiguration";
         buildSettings = {
            CURRENT_PROJECT_VERSION = "1";
            DRIVERKIT_DEPLOYMENT_TARGET = "19.0";
            ENABLE_TESTABILITY = "YES";
            FRAMEWORK_SEARCH_PATHS = (
               "$(inherited)",
               "$(PLATFORM_DIR)/Developer/Library/Frameworks"
            );
            HEADER_SEARCH_PATHS = (
               "$(inherited)"
            );
            INFOPLIST_FILE = "iForm.xcodeproj/iForm_Info.plist";
            IPHONEOS_DEPLOYMENT_TARGET = "14.0";
            LD_RUNPATH_SEARCH_PATHS = (
               "$(inherited)",
               "$(TOOLCHAIN_DIR)/usr/lib/swift/macosx"
            );
            MACOSX_DEPLOYMENT_TARGET = "10.10";
            OTHER_CFLAGS = (
               "$(inherited)"
            );
            OTHER_LDFLAGS = (
               "$(inherited)"
            );
            OTHER_SWIFT_FLAGS = (
               "$(inherited)"
            );
            PRODUCT_BUNDLE_IDENTIFIER = "iForm";
            PRODUCT_MODULE_NAME = "$(TARGET_NAME:c99extidentifier)";
            PRODUCT_NAME = "$(TARGET_NAME:c99extidentifier)";
            SKIP_INSTALL = "YES";
            SWIFT_ACTIVE_COMPILATION_CONDITIONS = (
               "$(inherited)"
            );
            SWIFT_VERSION = "5.0";
            TARGET_NAME = "iForm";
            TVOS_DEPLOYMENT_TARGET = "9.0";
            WATCHOS_DEPLOYMENT_TARGET = "2.0";
         };
         name = "Release";
      };
      "OBJ_46" = {
         isa = "PBXSourcesBuildPhase";
         files = (
            "OBJ_47",
            "OBJ_48",
            "OBJ_49",
            "OBJ_50",
            "OBJ_51",
            "OBJ_52",
            "OBJ_53",
            "OBJ_54",
            "OBJ_55",
            "OBJ_56",
            "OBJ_57",
            "OBJ_58"
         );
      };
      "OBJ_47" = {
         isa = "PBXBuildFile";
         fileRef = "OBJ_12";
      };
      "OBJ_48" = {
         isa = "PBXBuildFile";
         fileRef = "OBJ_13";
      };
      "OBJ_49" = {
         isa = "PBXBuildFile";
         fileRef = "OBJ_14";
      };
      "OBJ_5" = {
         isa = "PBXGroup";
         children = (
            "OBJ_6",
            "OBJ_7",
            "OBJ_30",
            "OBJ_33",
            "OBJ_36",
            "OBJ_37",
            "OBJ_38",
            "OBJ_39",
            "OBJ_40",
            "OBJ_41"
         );
         path = "";
         sourceTree = "<group>";
      };
      "OBJ_50" = {
         isa = "PBXBuildFile";
         fileRef = "OBJ_16";
      };
      "OBJ_51" = {
         isa = "PBXBuildFile";
         fileRef = "OBJ_17";
      };
      "OBJ_52" = {
         isa = "PBXBuildFile";
         fileRef = "OBJ_19";
      };
      "OBJ_53" = {
         isa = "PBXBuildFile";
         fileRef = "OBJ_21";
      };
      "OBJ_54" = {
         isa = "PBXBuildFile";
         fileRef = "OBJ_22";
      };
      "OBJ_55" = {
         isa = "PBXBuildFile";
         fileRef = "OBJ_25";
      };
      "OBJ_56" = {
         isa = "PBXBuildFile";
         fileRef = "OBJ_26";
      };
      "OBJ_57" = {
         isa = "PBXBuildFile";
         fileRef = "OBJ_28";
      };
      "OBJ_58" = {
         isa = "PBXBuildFile";
         fileRef = "OBJ_29";
      };
      "OBJ_59" = {
         isa = "PBXFrameworksBuildPhase";
         files = (
         );
      };
      "OBJ_6" = {
         isa = "PBXFileReference";
         explicitFileType = "sourcecode.swift";
         path = "Package.swift";
         sourceTree = "<group>";
      };
      "OBJ_61" = {
         isa = "XCConfigurationList";
         buildConfigurations = (
            "OBJ_62",
            "OBJ_63"
         );
         defaultConfigurationIsVisible = "0";
         defaultConfigurationName = "Release";
      };
      "OBJ_62" = {
         isa = "XCBuildConfiguration";
         buildSettings = {
            LD = "/usr/bin/true";
            OTHER_SWIFT_FLAGS = (
               "-swift-version",
               "5",
               "-I",
               "$(TOOLCHAIN_DIR)/usr/lib/swift/pm/ManifestAPI",
               "-sdk",
               "/Applications/Xcode.app/Contents/Developer/Platforms/MacOSX.platform/Developer/SDKs/MacOSX12.1.sdk",
               "-package-description-version",
               "5.5.0"
            );
            SWIFT_VERSION = "5.0";
         };
         name = "Debug";
      };
      "OBJ_63" = {
         isa = "XCBuildConfiguration";
         buildSettings = {
            LD = "/usr/bin/true";
            OTHER_SWIFT_FLAGS = (
               "-swift-version",
               "5",
               "-I",
               "$(TOOLCHAIN_DIR)/usr/lib/swift/pm/ManifestAPI",
               "-sdk",
               "/Applications/Xcode.app/Contents/Developer/Platforms/MacOSX.platform/Developer/SDKs/MacOSX12.1.sdk",
               "-package-description-version",
               "5.5.0"
            );
            SWIFT_VERSION = "5.0";
         };
         name = "Release";
      };
      "OBJ_64" = {
         isa = "PBXSourcesBuildPhase";
         files = (
            "OBJ_65"
         );
      };
      "OBJ_65" = {
         isa = "PBXBuildFile";
         fileRef = "OBJ_6";
      };
      "OBJ_67" = {
         isa = "XCConfigurationList";
         buildConfigurations = (
            "OBJ_68",
            "OBJ_69"
         );
         defaultConfigurationIsVisible = "0";
         defaultConfigurationName = "Release";
      };
      "OBJ_68" = {
         isa = "XCBuildConfiguration";
         buildSettings = {
         };
         name = "Debug";
      };
      "OBJ_69" = {
         isa = "XCBuildConfiguration";
         buildSettings = {
         };
         name = "Release";
      };
      "OBJ_7" = {
         isa = "PBXGroup";
         children = (
            "OBJ_8"
         );
         name = "Sources";
         path = "";
         sourceTree = "SOURCE_ROOT";
      };
      "OBJ_70" = {
         isa = "PBXTargetDependency";
         target = "iForm::iFormTests";
      };
      "OBJ_72" = {
         isa = "XCConfigurationList";
         buildConfigurations = (
            "OBJ_73",
            "OBJ_74"
         );
         defaultConfigurationIsVisible = "0";
         defaultConfigurationName = "Release";
      };
      "OBJ_73" = {
         isa = "XCBuildConfiguration";
         buildSettings = {
            CLANG_ENABLE_MODULES = "YES";
            CURRENT_PROJECT_VERSION = "1";
            DRIVERKIT_DEPLOYMENT_TARGET = "19.0";
            EMBEDDED_CONTENT_CONTAINS_SWIFT = "YES";
            FRAMEWORK_SEARCH_PATHS = (
               "$(inherited)",
               "$(PLATFORM_DIR)/Developer/Library/Frameworks"
            );
            HEADER_SEARCH_PATHS = (
               "$(inherited)"
            );
            INFOPLIST_FILE = "iForm.xcodeproj/iFormTests_Info.plist";
            IPHONEOS_DEPLOYMENT_TARGET = "14.0";
            LD_RUNPATH_SEARCH_PATHS = (
               "$(inherited)",
               "@loader_path/../Frameworks",
               "@loader_path/Frameworks"
            );
            MACOSX_DEPLOYMENT_TARGET = "11.0";
            OTHER_CFLAGS = (
               "$(inherited)"
            );
            OTHER_LDFLAGS = (
               "$(inherited)"
            );
            OTHER_SWIFT_FLAGS = (
               "$(inherited)"
            );
            SWIFT_ACTIVE_COMPILATION_CONDITIONS = (
               "$(inherited)"
            );
            SWIFT_VERSION = "5.0";
            TARGET_NAME = "iFormTests";
            TVOS_DEPLOYMENT_TARGET = "14.0";
            WATCHOS_DEPLOYMENT_TARGET = "7.0";
         };
         name = "Debug";
      };
      "OBJ_74" = {
         isa = "XCBuildConfiguration";
         buildSettings = {
            CLANG_ENABLE_MODULES = "YES";
            CURRENT_PROJECT_VERSION = "1";
            DRIVERKIT_DEPLOYMENT_TARGET = "19.0";
            EMBEDDED_CONTENT_CONTAINS_SWIFT = "YES";
            FRAMEWORK_SEARCH_PATHS = (
               "$(inherited)",
               "$(PLATFORM_DIR)/Developer/Library/Frameworks"
            );
            HEADER_SEARCH_PATHS = (
               "$(inherited)"
            );
            INFOPLIST_FILE = "iForm.xcodeproj/iFormTests_Info.plist";
            IPHONEOS_DEPLOYMENT_TARGET = "14.0";
            LD_RUNPATH_SEARCH_PATHS = (
               "$(inherited)",
               "@loader_path/../Frameworks",
               "@loader_path/Frameworks"
            );
            MACOSX_DEPLOYMENT_TARGET = "11.0";
            OTHER_CFLAGS = (
               "$(inherited)"
            );
            OTHER_LDFLAGS = (
               "$(inherited)"
            );
            OTHER_SWIFT_FLAGS = (
               "$(inherited)"
            );
            SWIFT_ACTIVE_COMPILATION_CONDITIONS = (
               "$(inherited)"
            );
            SWIFT_VERSION = "5.0";
            TARGET_NAME = "iFormTests";
            TVOS_DEPLOYMENT_TARGET = "14.0";
            WATCHOS_DEPLOYMENT_TARGET = "7.0";
         };
         name = "Release";
      };
      "OBJ_75" = {
         isa = "PBXSourcesBuildPhase";
         files = (
            "OBJ_76"
         );
      };
      "OBJ_76" = {
         isa = "PBXBuildFile";
         fileRef = "OBJ_32";
      };
      "OBJ_77" = {
         isa = "PBXFrameworksBuildPhase";
         files = (
            "OBJ_78"
         );
      };
      "OBJ_78" = {
         isa = "PBXBuildFile";
         fileRef = "iForm::iForm::Product";
      };
      "OBJ_79" = {
         isa = "PBXTargetDependency";
         target = "iForm::iForm";
      };
      "OBJ_8" = {
         isa = "PBXGroup";
         children = (
            "OBJ_9",
            "OBJ_10",
            "OBJ_23",
            "OBJ_27"
         );
         name = "iForm";
         path = "Sources/iForm";
         sourceTree = "SOURCE_ROOT";
      };
      "OBJ_9" = {
         isa = "PBXFileReference";
         path = "iForm.h";
         sourceTree = "<group>";
      };
      "iForm::SwiftPMPackageDescription" = {
         isa = "PBXNativeTarget";
         buildConfigurationList = "OBJ_61";
         buildPhases = (
            "OBJ_64"
         );
         dependencies = (
         );
         name = "iFormPackageDescription";
         productName = "iFormPackageDescription";
         productType = "com.apple.product-type.framework";
      };
      "iForm::iForm" = {
         isa = "PBXNativeTarget";
         buildConfigurationList = "OBJ_43";
         buildPhases = (
            "OBJ_46",
            "OBJ_59"
         );
         dependencies = (
         );
         name = "iForm";
         productName = "iForm";
         productReference = "iForm::iForm::Product";
         productType = "com.apple.product-type.framework";
      };
      "iForm::iForm::Product" = {
         isa = "PBXFileReference";
         path = "iForm.framework";
         sourceTree = "BUILT_PRODUCTS_DIR";
      };
      "iForm::iFormPackageTests::ProductTarget" = {
         isa = "PBXAggregateTarget";
         buildConfigurationList = "OBJ_67";
         buildPhases = (
         );
         dependencies = (
            "OBJ_70"
         );
         name = "iFormPackageTests";
         productName = "iFormPackageTests";
      };
      "iForm::iFormTests" = {
         isa = "PBXNativeTarget";
         buildConfigurationList = "OBJ_72";
         buildPhases = (
            "OBJ_75",
            "OBJ_77"
         );
         dependencies = (
            "OBJ_79"
         );
         name = "iFormTests";
         productName = "iFormTests";
         productReference = "iForm::iFormTests::Product";
         productType = "com.apple.product-type.bundle.unit-test";
      };
      "iForm::iFormTests::Product" = {
         isa = "PBXFileReference";
         path = "iFormTests.xctest";
         sourceTree = "BUILT_PRODUCTS_DIR";
      };
   };
   rootObject = "OBJ_1";
}
